
Microsoft Visual Studio Solution File, Format Version 12.00
# Visual Studio 2013
VisualStudioVersion = 12.0.31101.0
MinimumVisualStudioVersion = 10.0.40219.1
Project("{FAE04EC0-301F-11D3-BF4B-00C04F79EFBC}") = "01_Shapes", "01_Shapes\01_Shapes.csproj", "{FA63236A-50A2-4502-88FD-E2DF7BA70AF3}"
EndProject
Project("{FAE04EC0-301F-11D3-BF4B-00C04F79EFBC}") = "02_Bank_KurtovoKonare", "02_Bank_KurtovoKonare\02_Bank_KurtovoKonare.csproj", "{6B1BB491-6496-497A-B663-F2DC54CB8E48}"
EndProject
Global
	GlobalSection(SolutionConfigurationPlatforms) = preSolution
		Debug|Any CPU = Debug|Any CPU
		Release|Any CPU = Release|Any CPU
	EndGlobalSection
	GlobalSection(ProjectConfigurationPlatforms) = postSolution
		{FA63236A-50A2-4502-88FD-E2DF7BA70AF3}.Debug|Any CPU.ActiveCfg = Debug|Any CPU
		{FA63236A-50A2-4502-88FD-E2DF7BA70AF3}.Debug|Any CPU.Build.0 = Debug|Any CPU
		{FA63236A-50A2-4502-88FD-E2DF7BA70AF3}.Release|Any CPU.ActiveCfg = Release|Any CPU
		{FA63236A-50A2-4502-88FD-E2DF7BA70AF3}.Release|Any CPU.Build.0 = Release|Any CPU
		{6B1BB491-6496-497A-B663-F2DC54CB8E48}.Debug|Any CPU.ActiveCfg = Debug|Any CPU
		{6B1BB491-6496-497A-B663-F2DC54CB8E48}.Debug|Any CPU.Build.0 = Debug|Any CPU
		{6B1BB491-6496-497A-B663-F2DC54CB8E48}.Release|Any CPU.ActiveCfg = Release|Any CPU
		{6B1BB491-6496-497A-B663-F2DC54CB8E48}.Release|Any CPU.Build.0 = Release|Any CPU
	EndGlobalSection
	GlobalSection(SolutionProperties) = preSolution
		HideSolutionNode = FALSE
	EndGlobalSection
EndGlobal
