
Microsoft Visual Studio Solution File, Format Version 12.00
# Visual Studio 2013
VisualStudioVersion = 12.0.31101.0
MinimumVisualStudioVersion = 10.0.40219.1
Project("{FAE04EC0-301F-11D3-BF4B-00C04F79EFBC}") = "01_StringBuilderExtensions", "01_StringBuilderExtensions\01_StringBuilderExtensions.csproj", "{157B8D6E-9F5E-47EF-A806-8A9518346942}"
EndProject
Project("{FAE04EC0-301F-11D3-BF4B-00C04F79EFBC}") = "ClassStudent", "ClassStudent\ClassStudent.csproj", "{310C4896-4F7A-4136-8F31-09D771BA97D1}"
EndProject
Global
	GlobalSection(SolutionConfigurationPlatforms) = preSolution
		Debug|Any CPU = Debug|Any CPU
		Release|Any CPU = Release|Any CPU
	EndGlobalSection
	GlobalSection(ProjectConfigurationPlatforms) = postSolution
		{157B8D6E-9F5E-47EF-A806-8A9518346942}.Debug|Any CPU.ActiveCfg = Debug|Any CPU
		{157B8D6E-9F5E-47EF-A806-8A9518346942}.Debug|Any CPU.Build.0 = Debug|Any CPU
		{157B8D6E-9F5E-47EF-A806-8A9518346942}.Release|Any CPU.ActiveCfg = Release|Any CPU
		{157B8D6E-9F5E-47EF-A806-8A9518346942}.Release|Any CPU.Build.0 = Release|Any CPU
		{310C4896-4F7A-4136-8F31-09D771BA97D1}.Debug|Any CPU.ActiveCfg = Debug|Any CPU
		{310C4896-4F7A-4136-8F31-09D771BA97D1}.Debug|Any CPU.Build.0 = Debug|Any CPU
		{310C4896-4F7A-4136-8F31-09D771BA97D1}.Release|Any CPU.ActiveCfg = Release|Any CPU
		{310C4896-4F7A-4136-8F31-09D771BA97D1}.Release|Any CPU.Build.0 = Release|Any CPU
	EndGlobalSection
	GlobalSection(SolutionProperties) = preSolution
		HideSolutionNode = FALSE
	EndGlobalSection
EndGlobal
